// !$*UTF8*$!
{
	archiveVersion = 1;
	classes = {
	};
	objectVersion = 46;
	objects = {

/* Begin PBXBuildFile section */
		800551051B6EECB000996A08 /* libVGAnalytics.a in Frameworks */ = {isa = PBXBuildFile; fileRef = 800550FB1B6EEB9C00996A08 /* libVGAnalytics.a */; };
		800551081B6EEDDE00996A08 /* libz.dylib in Frameworks */ = {isa = PBXBuildFile; fileRef = 800551071B6EEDDE00996A08 /* libz.dylib */; };
		802702021B7FF87F000F3D95 /* GameKit.framework in Frameworks */ = {isa = PBXBuildFile; fileRef = 802702011B7FF87F000F3D95 /* GameKit.framework */; };
		802EDE741A5CEC5F004EE1CC /* NSTimeInterval+PrettyPrint.swift in Sources */ = {isa = PBXBuildFile; fileRef = 802EDE731A5CEC5F004EE1CC /* NSTimeInterval+PrettyPrint.swift */; };
		802EDE761A5D1E6D004EE1CC /* SharingViewController.swift in Sources */ = {isa = PBXBuildFile; fileRef = 802EDE751A5D1E6D004EE1CC /* SharingViewController.swift */; };
		802EDE781A5D2464004EE1CC /* RepeatIconView.swift in Sources */ = {isa = PBXBuildFile; fileRef = 802EDE771A5D2464004EE1CC /* RepeatIconView.swift */; };
		802EDE7E1A5E68B0004EE1CC /* ButtonBackground.swift in Sources */ = {isa = PBXBuildFile; fileRef = 802EDE7D1A5E68B0004EE1CC /* ButtonBackground.swift */; };
		802EDE801A5E6C16004EE1CC /* UIButton+CustomizableBackground.swift in Sources */ = {isa = PBXBuildFile; fileRef = 802EDE7F1A5E6C16004EE1CC /* UIButton+CustomizableBackground.swift */; };
		8036714D1A5FA04C001A4D61 /* MenuIconView.swift in Sources */ = {isa = PBXBuildFile; fileRef = 8036714C1A5FA04C001A4D61 /* MenuIconView.swift */; };
		80539B4919F4BCFD00C23F6D /* AppDelegate.swift in Sources */ = {isa = PBXBuildFile; fileRef = 80539B4819F4BCFD00C23F6D /* AppDelegate.swift */; };
		80539B4B19F4BCFD00C23F6D /* BaseViewController.swift in Sources */ = {isa = PBXBuildFile; fileRef = 80539B4A19F4BCFD00C23F6D /* BaseViewController.swift */; };
		80539B5019F4BCFD00C23F6D /* Images.xcassets in Resources */ = {isa = PBXBuildFile; fileRef = 80539B4F19F4BCFD00C23F6D /* Images.xcassets */; };
		805DE3E91A5646750072CB12 /* GameplayOutputViewController.swift in Sources */ = {isa = PBXBuildFile; fileRef = 805DE3E81A5646750072CB12 /* GameplayOutputViewController.swift */; };
		805DE3EB1A564D550072CB12 /* ProgressViewController.swift in Sources */ = {isa = PBXBuildFile; fileRef = 805DE3EA1A564D550072CB12 /* ProgressViewController.swift */; };
		806B529B1A4B3BB6005F4DFA /* DesignLanguage.swift in Sources */ = {isa = PBXBuildFile; fileRef = 806B529A1A4B3BB6005F4DFA /* DesignLanguage.swift */; };
		806B529D1A4B3DFD005F4DFA /* LogoViewController.swift in Sources */ = {isa = PBXBuildFile; fileRef = 806B529C1A4B3DFD005F4DFA /* LogoViewController.swift */; };
		8087FEC21A5114BC00F3B3AD /* ManglableLabel.swift in Sources */ = {isa = PBXBuildFile; fileRef = 8087FEC11A5114BC00F3B3AD /* ManglableLabel.swift */; };
		8087FEC41A5114EA00F3B3AD /* HalfScreenViewController.swift in Sources */ = {isa = PBXBuildFile; fileRef = 8087FEC31A5114EA00F3B3AD /* HalfScreenViewController.swift */; };
		8087FEC81A52355F00F3B3AD /* GameManager.swift in Sources */ = {isa = PBXBuildFile; fileRef = 8087FEC71A52355F00F3B3AD /* GameManager.swift */; };
		8087FECA1A54968E00F3B3AD /* GameplayButton.swift in Sources */ = {isa = PBXBuildFile; fileRef = 8087FEC91A54968E00F3B3AD /* GameplayButton.swift */; };
		8087FECD1A54998D00F3B3AD /* GameplayInputController.swift in Sources */ = {isa = PBXBuildFile; fileRef = 8087FECC1A54998D00F3B3AD /* GameplayInputController.swift */; };
		808E20471A589A3D00580CE9 /* BlurView.swift in Sources */ = {isa = PBXBuildFile; fileRef = 808E20461A589A3D00580CE9 /* BlurView.swift */; };
		808E204A1A589B7100580CE9 /* GradientView.swift in Sources */ = {isa = PBXBuildFile; fileRef = 808E20491A589B7100580CE9 /* GradientView.swift */; };
		8098CD2D1A58367C009968EE /* GameState.swift in Sources */ = {isa = PBXBuildFile; fileRef = 8098CD2C1A58367C009968EE /* GameState.swift */; };
		8098CD2F1A5836E0009968EE /* Challenge.swift in Sources */ = {isa = PBXBuildFile; fileRef = 8098CD2E1A5836E0009968EE /* Challenge.swift */; };
		80A0A0661A4F237A00122749 /* LevelPickerViewController.swift in Sources */ = {isa = PBXBuildFile; fileRef = 80A0A0651A4F237A00122749 /* LevelPickerViewController.swift */; };
		80B1E8C41AE180C000DF5C9B /* UIView+ConstraintSanitizing.swift in Sources */ = {isa = PBXBuildFile; fileRef = 80B1E8C31AE180C000DF5C9B /* UIView+ConstraintSanitizing.swift */; };
		80B1E8C71AE2075600DF5C9B /* PlayerIdentity.swift in Sources */ = {isa = PBXBuildFile; fileRef = 80B1E8C61AE2075600DF5C9B /* PlayerIdentity.swift */; };
		80BE1F331A74475F00D741CA /* GameCenterPlayerIdentity.swift in Sources */ = {isa = PBXBuildFile; fileRef = 80BE1F321A74475F00D741CA /* GameCenterPlayerIdentity.swift */; };
		80CFFDE41A5BAE7F00E3640B /* GameResultViewController.swift in Sources */ = {isa = PBXBuildFile; fileRef = 80CFFDE31A5BAE7F00E3640B /* GameResultViewController.swift */; };
		80CFFDE61A5BBA8E00E3640B /* PlayerIdentityManager.swift in Sources */ = {isa = PBXBuildFile; fileRef = 80CFFDE51A5BBA8E00E3640B /* PlayerIdentityManager.swift */; };
		80CFFDE81A5BBE0400E3640B /* Leaderboard.swift in Sources */ = {isa = PBXBuildFile; fileRef = 80CFFDE71A5BBE0400E3640B /* Leaderboard.swift */; };
		80CFFDEA1A5BC0DD00E3640B /* LocalPlayerIdentity.swift in Sources */ = {isa = PBXBuildFile; fileRef = 80CFFDE91A5BC0DD00E3640B /* LocalPlayerIdentity.swift */; };
		80D712B719F4E0A600152F13 /* Launch Screen.xib in Resources */ = {isa = PBXBuildFile; fileRef = 80D712B619F4E0A600152F13 /* Launch Screen.xib */; };
		80F2B84F1C2BECA500FD1D45 /* ReviewElicitor.swift in Sources */ = {isa = PBXBuildFile; fileRef = 80F2B84E1C2BECA500FD1D45 /* ReviewElicitor.swift */; };
		80F4CA451A62EB2500C5A0E8 /* ContinueInstructionOverlayView.swift in Sources */ = {isa = PBXBuildFile; fileRef = 80F4CA441A62EB2500C5A0E8 /* ContinueInstructionOverlayView.swift */; };
		80F4CA471A63177200C5A0E8 /* BorderView.swift in Sources */ = {isa = PBXBuildFile; fileRef = 80F4CA461A63177200C5A0E8 /* BorderView.swift */; };
		80F4CA491A63191800C5A0E8 /* UIView+PixelPerfect.swift in Sources */ = {isa = PBXBuildFile; fileRef = 80F4CA481A63191800C5A0E8 /* UIView+PixelPerfect.swift */; };
		80FDA2591B094B9100E3648B /* LeaderboardViewController.swift in Sources */ = {isa = PBXBuildFile; fileRef = 80FDA2581B094B9100E3648B /* LeaderboardViewController.swift */; };
		80FDA25B1B09564F00E3648B /* LeaderboardEntryView.swift in Sources */ = {isa = PBXBuildFile; fileRef = 80FDA25A1B09564F00E3648B /* LeaderboardEntryView.swift */; };
/* End PBXBuildFile section */

/* Begin PBXContainerItemProxy section */
		800550FA1B6EEB9C00996A08 /* PBXContainerItemProxy */ = {
			isa = PBXContainerItemProxy;
			containerPortal = 800550F51B6EEB9C00996A08 /* VGAnalytics.xcodeproj */;
			proxyType = 2;
			remoteGlobalIDString = 80629C0D18D4A03100106131;
			remoteInfo = VGAnalytics;
		};
		800550FC1B6EEB9C00996A08 /* PBXContainerItemProxy */ = {
			isa = PBXContainerItemProxy;
			containerPortal = 800550F51B6EEB9C00996A08 /* VGAnalytics.xcodeproj */;
			proxyType = 2;
			remoteGlobalIDString = 80629C1D18D4A03100106131;
			remoteInfo = VGAnalyticsTests;
		};
		800551031B6EECAA00996A08 /* PBXContainerItemProxy */ = {
			isa = PBXContainerItemProxy;
			containerPortal = 800550F51B6EEB9C00996A08 /* VGAnalytics.xcodeproj */;
			proxyType = 1;
			remoteGlobalIDString = 80629C0C18D4A03100106131;
			remoteInfo = VGAnalytics;
		};
/* End PBXContainerItemProxy section */

/* Begin PBXFileReference section */
		800550F51B6EEB9C00996A08 /* VGAnalytics.xcodeproj */ = {isa = PBXFileReference; lastKnownFileType = "wrapper.pb-project"; name = VGAnalytics.xcodeproj; path = "../ios-analytics/iOS Analytics/VGAnalytics.xcodeproj"; sourceTree = "<group>"; };
		800550FF1B6EEC4900996A08 /* recollect-Bridging-Header.h */ = {isa = PBXFileReference; lastKnownFileType = sourcecode.c.h; path = "recollect-Bridging-Header.h"; sourceTree = "<group>"; };
		800551071B6EEDDE00996A08 /* libz.dylib */ = {isa = PBXFileReference; lastKnownFileType = "compiled.mach-o.dylib"; name = libz.dylib; path = usr/lib/libz.dylib; sourceTree = SDKROOT; };
		802702011B7FF87F000F3D95 /* GameKit.framework */ = {isa = PBXFileReference; lastKnownFileType = wrapper.framework; name = GameKit.framework; path = System/Library/Frameworks/GameKit.framework; sourceTree = SDKROOT; };
		802EDE731A5CEC5F004EE1CC /* NSTimeInterval+PrettyPrint.swift */ = {isa = PBXFileReference; fileEncoding = 4; lastKnownFileType = sourcecode.swift; path = "NSTimeInterval+PrettyPrint.swift"; sourceTree = "<group>"; };
		802EDE751A5D1E6D004EE1CC /* SharingViewController.swift */ = {isa = PBXFileReference; fileEncoding = 4; lastKnownFileType = sourcecode.swift; path = SharingViewController.swift; sourceTree = "<group>"; };
		802EDE771A5D2464004EE1CC /* RepeatIconView.swift */ = {isa = PBXFileReference; fileEncoding = 4; lastKnownFileType = sourcecode.swift; path = RepeatIconView.swift; sourceTree = "<group>"; };
		802EDE7D1A5E68B0004EE1CC /* ButtonBackground.swift */ = {isa = PBXFileReference; fileEncoding = 4; lastKnownFileType = sourcecode.swift; path = ButtonBackground.swift; sourceTree = "<group>"; };
		802EDE7F1A5E6C16004EE1CC /* UIButton+CustomizableBackground.swift */ = {isa = PBXFileReference; fileEncoding = 4; lastKnownFileType = sourcecode.swift; path = "UIButton+CustomizableBackground.swift"; sourceTree = "<group>"; };
		8036714C1A5FA04C001A4D61 /* MenuIconView.swift */ = {isa = PBXFileReference; fileEncoding = 4; lastKnownFileType = sourcecode.swift; path = MenuIconView.swift; sourceTree = "<group>"; };
		80539B4319F4BCFD00C23F6D /* recollect.app */ = {isa = PBXFileReference; explicitFileType = wrapper.application; includeInIndex = 0; path = recollect.app; sourceTree = BUILT_PRODUCTS_DIR; };
		80539B4719F4BCFD00C23F6D /* Info.plist */ = {isa = PBXFileReference; lastKnownFileType = text.plist.xml; path = Info.plist; sourceTree = "<group>"; };
		80539B4819F4BCFD00C23F6D /* AppDelegate.swift */ = {isa = PBXFileReference; lastKnownFileType = sourcecode.swift; path = AppDelegate.swift; sourceTree = "<group>"; };
		80539B4A19F4BCFD00C23F6D /* BaseViewController.swift */ = {isa = PBXFileReference; lastKnownFileType = sourcecode.swift; path = BaseViewController.swift; sourceTree = "<group>"; };
		80539B4F19F4BCFD00C23F6D /* Images.xcassets */ = {isa = PBXFileReference; lastKnownFileType = folder.assetcatalog; path = Images.xcassets; sourceTree = "<group>"; };
		80539B5D19F4BCFE00C23F6D /* Info.plist */ = {isa = PBXFileReference; lastKnownFileType = text.plist.xml; path = Info.plist; sourceTree = "<group>"; };
		80539B5E19F4BCFE00C23F6D /* recollectTests.swift */ = {isa = PBXFileReference; lastKnownFileType = sourcecode.swift; path = recollectTests.swift; sourceTree = "<group>"; };
		805DE3E81A5646750072CB12 /* GameplayOutputViewController.swift */ = {isa = PBXFileReference; fileEncoding = 4; lastKnownFileType = sourcecode.swift; path = GameplayOutputViewController.swift; sourceTree = "<group>"; };
		805DE3EA1A564D550072CB12 /* ProgressViewController.swift */ = {isa = PBXFileReference; fileEncoding = 4; lastKnownFileType = sourcecode.swift; path = ProgressViewController.swift; sourceTree = "<group>"; };
		806B529A1A4B3BB6005F4DFA /* DesignLanguage.swift */ = {isa = PBXFileReference; fileEncoding = 4; lastKnownFileType = sourcecode.swift; path = DesignLanguage.swift; sourceTree = "<group>"; };
		806B529C1A4B3DFD005F4DFA /* LogoViewController.swift */ = {isa = PBXFileReference; fileEncoding = 4; lastKnownFileType = sourcecode.swift; path = LogoViewController.swift; sourceTree = "<group>"; };
		806B529E1A4B459E005F4DFA /* MyPlayground.playground */ = {isa = PBXFileReference; lastKnownFileType = file.playground; path = MyPlayground.playground; sourceTree = "<group>"; };
		8087FEC11A5114BC00F3B3AD /* ManglableLabel.swift */ = {isa = PBXFileReference; fileEncoding = 4; lastKnownFileType = sourcecode.swift; path = ManglableLabel.swift; sourceTree = "<group>"; };
		8087FEC31A5114EA00F3B3AD /* HalfScreenViewController.swift */ = {isa = PBXFileReference; fileEncoding = 4; lastKnownFileType = sourcecode.swift; path = HalfScreenViewController.swift; sourceTree = "<group>"; };
		8087FEC71A52355F00F3B3AD /* GameManager.swift */ = {isa = PBXFileReference; fileEncoding = 4; lastKnownFileType = sourcecode.swift; path = GameManager.swift; sourceTree = "<group>"; };
		8087FEC91A54968E00F3B3AD /* GameplayButton.swift */ = {isa = PBXFileReference; fileEncoding = 4; lastKnownFileType = sourcecode.swift; path = GameplayButton.swift; sourceTree = "<group>"; };
		8087FECC1A54998D00F3B3AD /* GameplayInputController.swift */ = {isa = PBXFileReference; fileEncoding = 4; lastKnownFileType = sourcecode.swift; path = GameplayInputController.swift; sourceTree = "<group>"; };
		808E20461A589A3D00580CE9 /* BlurView.swift */ = {isa = PBXFileReference; fileEncoding = 4; lastKnownFileType = sourcecode.swift; path = BlurView.swift; sourceTree = "<group>"; };
		808E20491A589B7100580CE9 /* GradientView.swift */ = {isa = PBXFileReference; fileEncoding = 4; lastKnownFileType = sourcecode.swift; path = GradientView.swift; sourceTree = "<group>"; };
		8098CD2C1A58367C009968EE /* GameState.swift */ = {isa = PBXFileReference; fileEncoding = 4; lastKnownFileType = sourcecode.swift; path = GameState.swift; sourceTree = "<group>"; };
		8098CD2E1A5836E0009968EE /* Challenge.swift */ = {isa = PBXFileReference; fileEncoding = 4; lastKnownFileType = sourcecode.swift; path = Challenge.swift; sourceTree = "<group>"; };
		80A0A0651A4F237A00122749 /* LevelPickerViewController.swift */ = {isa = PBXFileReference; fileEncoding = 4; lastKnownFileType = sourcecode.swift; path = LevelPickerViewController.swift; sourceTree = "<group>"; };
		80B1E8C31AE180C000DF5C9B /* UIView+ConstraintSanitizing.swift */ = {isa = PBXFileReference; fileEncoding = 4; lastKnownFileType = sourcecode.swift; path = "UIView+ConstraintSanitizing.swift"; sourceTree = "<group>"; };
		80B1E8C61AE2075600DF5C9B /* PlayerIdentity.swift */ = {isa = PBXFileReference; fileEncoding = 4; lastKnownFileType = sourcecode.swift; path = PlayerIdentity.swift; sourceTree = "<group>"; };
		80BE1F321A74475F00D741CA /* GameCenterPlayerIdentity.swift */ = {isa = PBXFileReference; fileEncoding = 4; lastKnownFileType = sourcecode.swift; path = GameCenterPlayerIdentity.swift; sourceTree = "<group>"; };
		80CFFDE31A5BAE7F00E3640B /* GameResultViewController.swift */ = {isa = PBXFileReference; fileEncoding = 4; lastKnownFileType = sourcecode.swift; path = GameResultViewController.swift; sourceTree = "<group>"; };
		80CFFDE51A5BBA8E00E3640B /* PlayerIdentityManager.swift */ = {isa = PBXFileReference; fileEncoding = 4; lastKnownFileType = sourcecode.swift; path = PlayerIdentityManager.swift; sourceTree = "<group>"; };
		80CFFDE71A5BBE0400E3640B /* Leaderboard.swift */ = {isa = PBXFileReference; fileEncoding = 4; lastKnownFileType = sourcecode.swift; path = Leaderboard.swift; sourceTree = "<group>"; };
		80CFFDE91A5BC0DD00E3640B /* LocalPlayerIdentity.swift */ = {isa = PBXFileReference; fileEncoding = 4; lastKnownFileType = sourcecode.swift; path = LocalPlayerIdentity.swift; sourceTree = "<group>"; };
		80D712B619F4E0A600152F13 /* Launch Screen.xib */ = {isa = PBXFileReference; fileEncoding = 4; lastKnownFileType = file.xib; path = "Launch Screen.xib"; sourceTree = "<group>"; };
		80F2B84E1C2BECA500FD1D45 /* ReviewElicitor.swift */ = {isa = PBXFileReference; fileEncoding = 4; lastKnownFileType = sourcecode.swift; path = ReviewElicitor.swift; sourceTree = "<group>"; };
		80F4CA441A62EB2500C5A0E8 /* ContinueInstructionOverlayView.swift */ = {isa = PBXFileReference; fileEncoding = 4; lastKnownFileType = sourcecode.swift; path = ContinueInstructionOverlayView.swift; sourceTree = "<group>"; };
		80F4CA461A63177200C5A0E8 /* BorderView.swift */ = {isa = PBXFileReference; fileEncoding = 4; lastKnownFileType = sourcecode.swift; path = BorderView.swift; sourceTree = "<group>"; };
		80F4CA481A63191800C5A0E8 /* UIView+PixelPerfect.swift */ = {isa = PBXFileReference; fileEncoding = 4; lastKnownFileType = sourcecode.swift; path = "UIView+PixelPerfect.swift"; sourceTree = "<group>"; };
		80FDA2581B094B9100E3648B /* LeaderboardViewController.swift */ = {isa = PBXFileReference; fileEncoding = 4; lastKnownFileType = sourcecode.swift; path = LeaderboardViewController.swift; sourceTree = "<group>"; };
		80FDA25A1B09564F00E3648B /* LeaderboardEntryView.swift */ = {isa = PBXFileReference; fileEncoding = 4; lastKnownFileType = sourcecode.swift; path = LeaderboardEntryView.swift; sourceTree = "<group>"; };
/* End PBXFileReference section */

/* Begin PBXFrameworksBuildPhase section */
		80539B4019F4BCFD00C23F6D /* Frameworks */ = {
			isa = PBXFrameworksBuildPhase;
			buildActionMask = 2147483647;
			files = (
				802702021B7FF87F000F3D95 /* GameKit.framework in Frameworks */,
				800551081B6EEDDE00996A08 /* libz.dylib in Frameworks */,
				800551051B6EECB000996A08 /* libVGAnalytics.a in Frameworks */,
			);
			runOnlyForDeploymentPostprocessing = 0;
		};
/* End PBXFrameworksBuildPhase section */

/* Begin PBXGroup section */
		800550F61B6EEB9C00996A08 /* Products */ = {
			isa = PBXGroup;
			children = (
				800550FB1B6EEB9C00996A08 /* libVGAnalytics.a */,
				800550FD1B6EEB9C00996A08 /* VGAnalyticsTests.xctest */,
			);
			name = Products;
			sourceTree = "<group>";
		};
		80539B3A19F4BCFD00C23F6D = {
			isa = PBXGroup;
			children = (
				802702011B7FF87F000F3D95 /* GameKit.framework */,
				800551071B6EEDDE00996A08 /* libz.dylib */,
				800550F51B6EEB9C00996A08 /* VGAnalytics.xcodeproj */,
				80539B4519F4BCFD00C23F6D /* recollect */,
				80539B5B19F4BCFE00C23F6D /* recollectTests */,
				80539B4419F4BCFD00C23F6D /* Products */,
			);
			sourceTree = "<group>";
		};
		80539B4419F4BCFD00C23F6D /* Products */ = {
			isa = PBXGroup;
			children = (
				80539B4319F4BCFD00C23F6D /* recollect.app */,
			);
			name = Products;
			sourceTree = "<group>";
		};
		80539B4519F4BCFD00C23F6D /* recollect */ = {
			isa = PBXGroup;
			children = (
				8087FECB1A5496C100F3B3AD /* Gameplay UI Helpers */,
				8087FEC51A5234E600F3B3AD /* HalfScreenController */,
				8098CD2B1A58365D009968EE /* Model */,
				80539B4819F4BCFD00C23F6D /* AppDelegate.swift */,
				806B529A1A4B3BB6005F4DFA /* DesignLanguage.swift */,
				80539B4F19F4BCFD00C23F6D /* Images.xcassets */,
				806B529E1A4B459E005F4DFA /* MyPlayground.playground */,
				80539B4619F4BCFD00C23F6D /* Supporting Files */,
				800550FF1B6EEC4900996A08 /* recollect-Bridging-Header.h */,
			);
			path = recollect;
			sourceTree = "<group>";
		};
		80539B4619F4BCFD00C23F6D /* Supporting Files */ = {
			isa = PBXGroup;
			children = (
				80D712B619F4E0A600152F13 /* Launch Screen.xib */,
				80539B4719F4BCFD00C23F6D /* Info.plist */,
			);
			name = "Supporting Files";
			sourceTree = "<group>";
		};
		80539B5B19F4BCFE00C23F6D /* recollectTests */ = {
			isa = PBXGroup;
			children = (
				80539B5E19F4BCFE00C23F6D /* recollectTests.swift */,
				80539B5C19F4BCFE00C23F6D /* Supporting Files */,
			);
			path = recollectTests;
			sourceTree = "<group>";
		};
		80539B5C19F4BCFE00C23F6D /* Supporting Files */ = {
			isa = PBXGroup;
			children = (
				80539B5D19F4BCFE00C23F6D /* Info.plist */,
			);
			name = "Supporting Files";
			sourceTree = "<group>";
		};
		8087FEC51A5234E600F3B3AD /* HalfScreenController */ = {
			isa = PBXGroup;
			children = (
				8087FEC61A52350800F3B3AD /* framework */,
				806B529C1A4B3DFD005F4DFA /* LogoViewController.swift */,
				80A0A0651A4F237A00122749 /* LevelPickerViewController.swift */,
				8087FECC1A54998D00F3B3AD /* GameplayInputController.swift */,
				805DE3E81A5646750072CB12 /* GameplayOutputViewController.swift */,
				80CFFDE31A5BAE7F00E3640B /* GameResultViewController.swift */,
				802EDE751A5D1E6D004EE1CC /* SharingViewController.swift */,
			);
			name = HalfScreenController;
			sourceTree = "<group>";
		};
		8087FEC61A52350800F3B3AD /* framework */ = {
			isa = PBXGroup;
			children = (
				8087FEC11A5114BC00F3B3AD /* ManglableLabel.swift */,
				8087FEC31A5114EA00F3B3AD /* HalfScreenViewController.swift */,
				80539B4A19F4BCFD00C23F6D /* BaseViewController.swift */,
			);
			name = framework;
			sourceTree = "<group>";
		};
		8087FECB1A5496C100F3B3AD /* Gameplay UI Helpers */ = {
			isa = PBXGroup;
			children = (
				80FDA2581B094B9100E3648B /* LeaderboardViewController.swift */,
				80B1E8C31AE180C000DF5C9B /* UIView+ConstraintSanitizing.swift */,
				8087FEC91A54968E00F3B3AD /* GameplayButton.swift */,
				805DE3EA1A564D550072CB12 /* ProgressViewController.swift */,
				808E20461A589A3D00580CE9 /* BlurView.swift */,
				808E20491A589B7100580CE9 /* GradientView.swift */,
				802EDE771A5D2464004EE1CC /* RepeatIconView.swift */,
				8036714C1A5FA04C001A4D61 /* MenuIconView.swift */,
				802EDE7D1A5E68B0004EE1CC /* ButtonBackground.swift */,
				802EDE7F1A5E6C16004EE1CC /* UIButton+CustomizableBackground.swift */,
				80F4CA441A62EB2500C5A0E8 /* ContinueInstructionOverlayView.swift */,
				80F4CA461A63177200C5A0E8 /* BorderView.swift */,
				80F4CA481A63191800C5A0E8 /* UIView+PixelPerfect.swift */,
				80FDA25A1B09564F00E3648B /* LeaderboardEntryView.swift */,
				80F2B84E1C2BECA500FD1D45 /* ReviewElicitor.swift */,
			);
			name = "Gameplay UI Helpers";
			sourceTree = "<group>";
		};
		8098CD2B1A58365D009968EE /* Model */ = {
			isa = PBXGroup;
			children = (
				80B1E8C51AE2072000DF5C9B /* PlayerIdentity */,
				8087FEC71A52355F00F3B3AD /* GameManager.swift */,
				8098CD2C1A58367C009968EE /* GameState.swift */,
				8098CD2E1A5836E0009968EE /* Challenge.swift */,
				80CFFDE51A5BBA8E00E3640B /* PlayerIdentityManager.swift */,
				80CFFDE71A5BBE0400E3640B /* Leaderboard.swift */,
				802EDE731A5CEC5F004EE1CC /* NSTimeInterval+PrettyPrint.swift */,
			);
			name = Model;
			sourceTree = "<group>";
		};
		80B1E8C51AE2072000DF5C9B /* PlayerIdentity */ = {
			isa = PBXGroup;
			children = (
				80CFFDE91A5BC0DD00E3640B /* LocalPlayerIdentity.swift */,
				80BE1F321A74475F00D741CA /* GameCenterPlayerIdentity.swift */,
				80B1E8C61AE2075600DF5C9B /* PlayerIdentity.swift */,
			);
			name = PlayerIdentity;
			sourceTree = "<group>";
		};
/* End PBXGroup section */

/* Begin PBXNativeTarget section */
		80539B4219F4BCFD00C23F6D /* recollect */ = {
			isa = PBXNativeTarget;
			buildConfigurationList = 80539B6219F4BCFE00C23F6D /* Build configuration list for PBXNativeTarget "recollect" */;
			buildPhases = (
				80539B3F19F4BCFD00C23F6D /* Sources */,
				80539B4019F4BCFD00C23F6D /* Frameworks */,
				80539B4119F4BCFD00C23F6D /* Resources */,
				802702041B800A02000F3D95 /* ShellScript */,
			);
			buildRules = (
			);
			dependencies = (
				800551041B6EECAA00996A08 /* PBXTargetDependency */,
			);
			name = recollect;
			productName = recollect;
			productReference = 80539B4319F4BCFD00C23F6D /* recollect.app */;
			productType = "com.apple.product-type.application";
		};
/* End PBXNativeTarget section */

/* Begin PBXProject section */
		80539B3B19F4BCFD00C23F6D /* Project object */ = {
			isa = PBXProject;
			attributes = {
				LastSwiftMigration = 0720;
				LastSwiftUpdateCheck = 0720;
				LastUpgradeCheck = 0720;
				ORGANIZATIONNAME = "Vova Galchenko";
				TargetAttributes = {
					80539B4219F4BCFD00C23F6D = {
						CreatedOnToolsVersion = 6.0.1;
						DevelopmentTeam = DUYQ44RPLQ;
						SystemCapabilities = {
							com.apple.GameCenter = {
								enabled = 1;
							};
						};
					};
				};
			};
			buildConfigurationList = 80539B3E19F4BCFD00C23F6D /* Build configuration list for PBXProject "recollect" */;
			compatibilityVersion = "Xcode 3.2";
			developmentRegion = English;
			hasScannedForEncodings = 0;
			knownRegions = (
				en,
				Base,
			);
			mainGroup = 80539B3A19F4BCFD00C23F6D;
			productRefGroup = 80539B4419F4BCFD00C23F6D /* Products */;
			projectDirPath = "";
			projectReferences = (
				{
					ProductGroup = 800550F61B6EEB9C00996A08 /* Products */;
					ProjectRef = 800550F51B6EEB9C00996A08 /* VGAnalytics.xcodeproj */;
				},
			);
			projectRoot = "";
			targets = (
				80539B4219F4BCFD00C23F6D /* recollect */,
			);
		};
/* End PBXProject section */

/* Begin PBXReferenceProxy section */
		800550FB1B6EEB9C00996A08 /* libVGAnalytics.a */ = {
			isa = PBXReferenceProxy;
			fileType = archive.ar;
			path = libVGAnalytics.a;
			remoteRef = 800550FA1B6EEB9C00996A08 /* PBXContainerItemProxy */;
			sourceTree = BUILT_PRODUCTS_DIR;
		};
		800550FD1B6EEB9C00996A08 /* VGAnalyticsTests.xctest */ = {
			isa = PBXReferenceProxy;
			fileType = wrapper.cfbundle;
			path = VGAnalyticsTests.xctest;
			remoteRef = 800550FC1B6EEB9C00996A08 /* PBXContainerItemProxy */;
			sourceTree = BUILT_PRODUCTS_DIR;
		};
/* End PBXReferenceProxy section */

/* Begin PBXResourcesBuildPhase section */
		80539B4119F4BCFD00C23F6D /* Resources */ = {
			isa = PBXResourcesBuildPhase;
			buildActionMask = 2147483647;
			files = (
				80539B5019F4BCFD00C23F6D /* Images.xcassets in Resources */,
				80D712B719F4E0A600152F13 /* Launch Screen.xib in Resources */,
			);
			runOnlyForDeploymentPostprocessing = 0;
		};
/* End PBXResourcesBuildPhase section */

/* Begin PBXShellScriptBuildPhase section */
		802702041B800A02000F3D95 /* ShellScript */ = {
			isa = PBXShellScriptBuildPhase;
			buildActionMask = 2147483647;
			files = (
			);
			inputPaths = (
			);
			outputPaths = (
			);
			runOnlyForDeploymentPostprocessing = 0;
			shellPath = /bin/sh;
			shellScript = "\"${PROJECT_DIR}\"/versions.sh";
		};
/* End PBXShellScriptBuildPhase section */

/* Begin PBXSourcesBuildPhase section */
		80539B3F19F4BCFD00C23F6D /* Sources */ = {
			isa = PBXSourcesBuildPhase;
			buildActionMask = 2147483647;
			files = (
				806B529B1A4B3BB6005F4DFA /* DesignLanguage.swift in Sources */,
				8087FEC81A52355F00F3B3AD /* GameManager.swift in Sources */,
				808E20471A589A3D00580CE9 /* BlurView.swift in Sources */,
				8098CD2D1A58367C009968EE /* GameState.swift in Sources */,
				8087FECD1A54998D00F3B3AD /* GameplayInputController.swift in Sources */,
				80CFFDE41A5BAE7F00E3640B /* GameResultViewController.swift in Sources */,
				80B1E8C71AE2075600DF5C9B /* PlayerIdentity.swift in Sources */,
				802EDE781A5D2464004EE1CC /* RepeatIconView.swift in Sources */,
				8036714D1A5FA04C001A4D61 /* MenuIconView.swift in Sources */,
				80F4CA451A62EB2500C5A0E8 /* ContinueInstructionOverlayView.swift in Sources */,
				80CFFDE61A5BBA8E00E3640B /* PlayerIdentityManager.swift in Sources */,
				802EDE741A5CEC5F004EE1CC /* NSTimeInterval+PrettyPrint.swift in Sources */,
				805DE3EB1A564D550072CB12 /* ProgressViewController.swift in Sources */,
				808E204A1A589B7100580CE9 /* GradientView.swift in Sources */,
				80CFFDE81A5BBE0400E3640B /* Leaderboard.swift in Sources */,
				8087FECA1A54968E00F3B3AD /* GameplayButton.swift in Sources */,
				80FDA25B1B09564F00E3648B /* LeaderboardEntryView.swift in Sources */,
				802EDE801A5E6C16004EE1CC /* UIButton+CustomizableBackground.swift in Sources */,
				80F4CA491A63191800C5A0E8 /* UIView+PixelPerfect.swift in Sources */,
				80539B4B19F4BCFD00C23F6D /* BaseViewController.swift in Sources */,
				80FDA2591B094B9100E3648B /* LeaderboardViewController.swift in Sources */,
				802EDE761A5D1E6D004EE1CC /* SharingViewController.swift in Sources */,
				80BE1F331A74475F00D741CA /* GameCenterPlayerIdentity.swift in Sources */,
				8098CD2F1A5836E0009968EE /* Challenge.swift in Sources */,
				80F2B84F1C2BECA500FD1D45 /* ReviewElicitor.swift in Sources */,
				80539B4919F4BCFD00C23F6D /* AppDelegate.swift in Sources */,
				80F4CA471A63177200C5A0E8 /* BorderView.swift in Sources */,
				806B529D1A4B3DFD005F4DFA /* LogoViewController.swift in Sources */,
				8087FEC21A5114BC00F3B3AD /* ManglableLabel.swift in Sources */,
				8087FEC41A5114EA00F3B3AD /* HalfScreenViewController.swift in Sources */,
				80A0A0661A4F237A00122749 /* LevelPickerViewController.swift in Sources */,
				80B1E8C41AE180C000DF5C9B /* UIView+ConstraintSanitizing.swift in Sources */,
				802EDE7E1A5E68B0004EE1CC /* ButtonBackground.swift in Sources */,
				80CFFDEA1A5BC0DD00E3640B /* LocalPlayerIdentity.swift in Sources */,
				805DE3E91A5646750072CB12 /* GameplayOutputViewController.swift in Sources */,
			);
			runOnlyForDeploymentPostprocessing = 0;
		};
/* End PBXSourcesBuildPhase section */

/* Begin PBXTargetDependency section */
		800551041B6EECAA00996A08 /* PBXTargetDependency */ = {
			isa = PBXTargetDependency;
			name = VGAnalytics;
			targetProxy = 800551031B6EECAA00996A08 /* PBXContainerItemProxy */;
		};
/* End PBXTargetDependency section */

/* Begin XCBuildConfiguration section */
		80539B6019F4BCFE00C23F6D /* Debug */ = {
			isa = XCBuildConfiguration;
			buildSettings = {
				ALWAYS_SEARCH_USER_PATHS = NO;
				CLANG_CXX_LANGUAGE_STANDARD = "gnu++0x";
				CLANG_CXX_LIBRARY = "libc++";
				CLANG_ENABLE_MODULES = YES;
				CLANG_ENABLE_OBJC_ARC = YES;
				CLANG_WARN_BOOL_CONVERSION = YES;
				CLANG_WARN_CONSTANT_CONVERSION = YES;
				CLANG_WARN_DIRECT_OBJC_ISA_USAGE = YES_ERROR;
				CLANG_WARN_EMPTY_BODY = YES;
				CLANG_WARN_ENUM_CONVERSION = YES;
				CLANG_WARN_INT_CONVERSION = YES;
				CLANG_WARN_OBJC_ROOT_CLASS = YES_ERROR;
				CLANG_WARN_UNREACHABLE_CODE = YES;
				CLANG_WARN__DUPLICATE_METHOD_MATCH = YES;
				CODE_SIGN_IDENTITY = "iPhone Developer";
				"CODE_SIGN_IDENTITY[sdk=iphoneos*]" = "iPhone Developer";
				COPY_PHASE_STRIP = NO;
				ENABLE_STRICT_OBJC_MSGSEND = YES;
				ENABLE_TESTABILITY = YES;
				GCC_C_LANGUAGE_STANDARD = gnu99;
				GCC_DYNAMIC_NO_PIC = NO;
				GCC_OPTIMIZATION_LEVEL = 0;
				GCC_PREPROCESSOR_DEFINITIONS = (
					"DEBUG=1",
					"$(inherited)",
				);
				GCC_SYMBOLS_PRIVATE_EXTERN = NO;
				GCC_WARN_64_TO_32_BIT_CONVERSION = YES;
				GCC_WARN_ABOUT_RETURN_TYPE = YES_ERROR;
				GCC_WARN_UNDECLARED_SELECTOR = YES;
				GCC_WARN_UNINITIALIZED_AUTOS = YES_AGGRESSIVE;
				GCC_WARN_UNUSED_FUNCTION = YES;
				GCC_WARN_UNUSED_VARIABLE = YES;
				IPHONEOS_DEPLOYMENT_TARGET = 8.0;
				MTL_ENABLE_DEBUG_INFO = YES;
				ONLY_ACTIVE_ARCH = YES;
				SDKROOT = iphoneos;
				SWIFT_OPTIMIZATION_LEVEL = "-Onone";
			};
			name = Debug;
		};
		80539B6119F4BCFE00C23F6D /* Release */ = {
			isa = XCBuildConfiguration;
			buildSettings = {
				ALWAYS_SEARCH_USER_PATHS = NO;
				CLANG_CXX_LANGUAGE_STANDARD = "gnu++0x";
				CLANG_CXX_LIBRARY = "libc++";
				CLANG_ENABLE_MODULES = YES;
				CLANG_ENABLE_OBJC_ARC = YES;
				CLANG_WARN_BOOL_CONVERSION = YES;
				CLANG_WARN_CONSTANT_CONVERSION = YES;
				CLANG_WARN_DIRECT_OBJC_ISA_USAGE = YES_ERROR;
				CLANG_WARN_EMPTY_BODY = YES;
				CLANG_WARN_ENUM_CONVERSION = YES;
				CLANG_WARN_INT_CONVERSION = YES;
				CLANG_WARN_OBJC_ROOT_CLASS = YES_ERROR;
				CLANG_WARN_UNREACHABLE_CODE = YES;
				CLANG_WARN__DUPLICATE_METHOD_MATCH = YES;
				CODE_SIGN_IDENTITY = "iPhone Distribution";
				"CODE_SIGN_IDENTITY[sdk=iphoneos*]" = "iPhone Distribution";
				COPY_PHASE_STRIP = YES;
				ENABLE_NS_ASSERTIONS = NO;
				ENABLE_STRICT_OBJC_MSGSEND = YES;
				GCC_C_LANGUAGE_STANDARD = gnu99;
				GCC_WARN_64_TO_32_BIT_CONVERSION = YES;
				GCC_WARN_ABOUT_RETURN_TYPE = YES_ERROR;
				GCC_WARN_UNDECLARED_SELECTOR = YES;
				GCC_WARN_UNINITIALIZED_AUTOS = YES_AGGRESSIVE;
				GCC_WARN_UNUSED_FUNCTION = YES;
				GCC_WARN_UNUSED_VARIABLE = YES;
				IPHONEOS_DEPLOYMENT_TARGET = 8.0;
				MTL_ENABLE_DEBUG_INFO = NO;
				SDKROOT = iphoneos;
				VALIDATE_PRODUCT = YES;
			};
			name = Release;
		};
		80539B6319F4BCFE00C23F6D /* Debug */ = {
			isa = XCBuildConfiguration;
			buildSettings = {
				ASSETCATALOG_COMPILER_APPICON_NAME = AppIcon;
				ASSETCATALOG_COMPILER_LAUNCHIMAGE_NAME = LaunchImage;
				CLANG_ENABLE_MODULES = YES;
				CODE_SIGN_IDENTITY = "iPhone Developer";
				"CODE_SIGN_IDENTITY[sdk=iphoneos*]" = "iPhone Developer";
				INFOPLIST_FILE = recollect/Info.plist;
				IPHONEOS_DEPLOYMENT_TARGET = 8.0;
				LD_RUNPATH_SEARCH_PATHS = "$(inherited) @executable_path/Frameworks";
				PRODUCT_BUNDLE_IDENTIFIER = "com.galchenko.$(PRODUCT_NAME:rfc1034identifier)";
				PRODUCT_NAME = "$(TARGET_NAME)";
				PROVISIONING_PROFILE = "";
				SWIFT_OBJC_BRIDGING_HEADER = "recollect/recollect-Bridging-Header.h";
				SWIFT_OPTIMIZATION_LEVEL = "-Onone";
			};
			name = Debug;
		};
		80539B6419F4BCFE00C23F6D /* Release */ = {
			isa = XCBuildConfiguration;
			buildSettings = {
				ASSETCATALOG_COMPILER_APPICON_NAME = AppIcon;
				ASSETCATALOG_COMPILER_LAUNCHIMAGE_NAME = LaunchImage;
				CLANG_ENABLE_MODULES = YES;
				CODE_SIGN_IDENTITY = "iPhone Developer";
				"CODE_SIGN_IDENTITY[sdk=iphoneos*]" = "iPhone Distribution";
				INFOPLIST_FILE = recollect/Info.plist;
				IPHONEOS_DEPLOYMENT_TARGET = 8.0;
				LD_RUNPATH_SEARCH_PATHS = "$(inherited) @executable_path/Frameworks";
				PRODUCT_BUNDLE_IDENTIFIER = "com.galchenko.$(PRODUCT_NAME:rfc1034identifier)";
				PRODUCT_NAME = "$(TARGET_NAME)";
				PROVISIONING_PROFILE = "";
				SWIFT_OBJC_BRIDGING_HEADER = "recollect/recollect-Bridging-Header.h";
			};
			name = Release;
		};
/* End XCBuildConfiguration section */

/* Begin XCConfigurationList section */
		80539B3E19F4BCFD00C23F6D /* Build configuration list for PBXProject "recollect" */ = {
			isa = XCConfigurationList;
			buildConfigurations = (
				80539B6019F4BCFE00C23F6D /* Debug */,
				80539B6119F4BCFE00C23F6D /* Release */,
			);
			defaultConfigurationIsVisible = 0;
			defaultConfigurationName = Release;
		};
		80539B6219F4BCFE00C23F6D /* Build configuration list for PBXNativeTarget "recollect" */ = {
			isa = XCConfigurationList;
			buildConfigurations = (
				80539B6319F4BCFE00C23F6D /* Debug */,
				80539B6419F4BCFE00C23F6D /* Release */,
			);
			defaultConfigurationIsVisible = 0;
			defaultConfigurationName = Release;
		};
/* End XCConfigurationList section */
	};
	rootObject = 80539B3B19F4BCFD00C23F6D /* Project object */;
}
